
Microsoft Visual Studio Solution File, Format Version 12.00
# Visual Studio Version 17
VisualStudioVersion = 17.3.32819.101
MinimumVisualStudioVersion = 10.0.40219.1
Project("{9A19103F-16F7-4668-BE54-9A1E7A4F7556}") = "Parviz.AdvertisementApp.Common", "Parviz.AdvertisementApp.Common\Parviz.AdvertisementApp.Common.csproj", "{54440763-0FBF-4EF1-AE4F-266B9560B131}"
EndProject
Project("{9A19103F-16F7-4668-BE54-9A1E7A4F7556}") = "Parviz.AdvertisementApp.Entities", "Parviz.AdvertisementApp.Entities\Parviz.AdvertisementApp.Entities.csproj", "{FBCF30EB-11DD-4657-A463-145B274671AA}"
EndProject
Project("{9A19103F-16F7-4668-BE54-9A1E7A4F7556}") = "Parviz.AdvertisementApp.DataAccess", "Parviz.AdvertisementApp.DataAccess\Parviz.AdvertisementApp.DataAccess.csproj", "{28960A43-36CC-4370-8E53-638A13CB67E6}"
EndProject
Project("{FAE04EC0-301F-11D3-BF4B-00C04F79EFBC}") = "Parviz.AdvertisementApp.Business", "Parviz.AdvertisementApp.Business\Parviz.AdvertisementApp.Business.csproj", "{22D17528-AEF2-41C7-AB6C-32F0B194098D}"
EndProject
Project("{FAE04EC0-301F-11D3-BF4B-00C04F79EFBC}") = "Parviz.AdvertisementApp.UI", "Parviz.AdvertisementApp.UI\Parviz.AdvertisementApp.UI.csproj", "{C00B58A1-63D3-421E-B1EF-E9E03E97980A}"
EndProject
Project("{FAE04EC0-301F-11D3-BF4B-00C04F79EFBC}") = "Parviz.AdvertisementApp.Dtos", "Parviz.AdvertisementApp.Dtos\Parviz.AdvertisementApp.Dtos.csproj", "{9F08F4B5-9303-4320-949A-7597C90F997A}"
EndProject
Global
	GlobalSection(SolutionConfigurationPlatforms) = preSolution
		Debug|Any CPU = Debug|Any CPU
		Release|Any CPU = Release|Any CPU
	EndGlobalSection
	GlobalSection(ProjectConfigurationPlatforms) = postSolution
		{54440763-0FBF-4EF1-AE4F-266B9560B131}.Debug|Any CPU.ActiveCfg = Debug|Any CPU
		{54440763-0FBF-4EF1-AE4F-266B9560B131}.Debug|Any CPU.Build.0 = Debug|Any CPU
		{54440763-0FBF-4EF1-AE4F-266B9560B131}.Release|Any CPU.ActiveCfg = Release|Any CPU
		{54440763-0FBF-4EF1-AE4F-266B9560B131}.Release|Any CPU.Build.0 = Release|Any CPU
		{FBCF30EB-11DD-4657-A463-145B274671AA}.Debug|Any CPU.ActiveCfg = Debug|Any CPU
		{FBCF30EB-11DD-4657-A463-145B274671AA}.Debug|Any CPU.Build.0 = Debug|Any CPU
		{FBCF30EB-11DD-4657-A463-145B274671AA}.Release|Any CPU.ActiveCfg = Release|Any CPU
		{FBCF30EB-11DD-4657-A463-145B274671AA}.Release|Any CPU.Build.0 = Release|Any CPU
		{28960A43-36CC-4370-8E53-638A13CB67E6}.Debug|Any CPU.ActiveCfg = Debug|Any CPU
		{28960A43-36CC-4370-8E53-638A13CB67E6}.Debug|Any CPU.Build.0 = Debug|Any CPU
		{28960A43-36CC-4370-8E53-638A13CB67E6}.Release|Any CPU.ActiveCfg = Release|Any CPU
		{28960A43-36CC-4370-8E53-638A13CB67E6}.Release|Any CPU.Build.0 = Release|Any CPU
		{22D17528-AEF2-41C7-AB6C-32F0B194098D}.Debug|Any CPU.ActiveCfg = Debug|Any CPU
		{22D17528-AEF2-41C7-AB6C-32F0B194098D}.Debug|Any CPU.Build.0 = Debug|Any CPU
		{22D17528-AEF2-41C7-AB6C-32F0B194098D}.Release|Any CPU.ActiveCfg = Release|Any CPU
		{22D17528-AEF2-41C7-AB6C-32F0B194098D}.Release|Any CPU.Build.0 = Release|Any CPU
		{C00B58A1-63D3-421E-B1EF-E9E03E97980A}.Debug|Any CPU.ActiveCfg = Debug|Any CPU
		{C00B58A1-63D3-421E-B1EF-E9E03E97980A}.Debug|Any CPU.Build.0 = Debug|Any CPU
		{C00B58A1-63D3-421E-B1EF-E9E03E97980A}.Release|Any CPU.ActiveCfg = Release|Any CPU
		{C00B58A1-63D3-421E-B1EF-E9E03E97980A}.Release|Any CPU.Build.0 = Release|Any CPU
		{9F08F4B5-9303-4320-949A-7597C90F997A}.Debug|Any CPU.ActiveCfg = Debug|Any CPU
		{9F08F4B5-9303-4320-949A-7597C90F997A}.Debug|Any CPU.Build.0 = Debug|Any CPU
		{9F08F4B5-9303-4320-949A-7597C90F997A}.Release|Any CPU.ActiveCfg = Release|Any CPU
		{9F08F4B5-9303-4320-949A-7597C90F997A}.Release|Any CPU.Build.0 = Release|Any CPU
	EndGlobalSection
	GlobalSection(SolutionProperties) = preSolution
		HideSolutionNode = FALSE
	EndGlobalSection
	GlobalSection(ExtensibilityGlobals) = postSolution
		SolutionGuid = {461574CC-0F3D-4516-8E9A-C056C97BBDE0}
	EndGlobalSection
EndGlobal
